
Microsoft Visual Studio Solution File, Format Version 12.00
# Visual Studio Version 16
VisualStudioVersion = 16.0.30907.101
MinimumVisualStudioVersion = 10.0.40219.1
Project("{FAE04EC0-301F-11D3-BF4B-00C04F79EFBC}") = "27032021", "27032021\27032021.csproj", "{347511F3-53DD-429E-ABB4-52A8B21B846D}"
EndProject
Global
	GlobalSection(SolutionConfigurationPlatforms) = preSolution
		Debug|Any CPU = Debug|Any CPU
		Release|Any CPU = Release|Any CPU
	EndGlobalSection
	GlobalSection(ProjectConfigurationPlatforms) = postSolution
		{347511F3-53DD-429E-ABB4-52A8B21B846D}.Debug|Any CPU.ActiveCfg = Debug|Any CPU
		{347511F3-53DD-429E-ABB4-52A8B21B846D}.Debug|Any CPU.Build.0 = Debug|Any CPU
		{347511F3-53DD-429E-ABB4-52A8B21B846D}.Release|Any CPU.ActiveCfg = Release|Any CPU
		{347511F3-53DD-429E-ABB4-52A8B21B846D}.Release|Any CPU.Build.0 = Release|Any CPU
	EndGlobalSection
	GlobalSection(SolutionProperties) = preSolution
		HideSolutionNode = FALSE
	EndGlobalSection
	GlobalSection(ExtensibilityGlobals) = postSolution
		SolutionGuid = {E631105B-DC6E-478A-8360-18B116E2B04A}
	EndGlobalSection
EndGlobal
